
Microsoft Visual Studio Solution File, Format Version 12.00
# Visual Studio 15
VisualStudioVersion = 15.0.28307.102
MinimumVisualStudioVersion = 10.0.40219.1
Project("{FAE04EC0-301F-11D3-BF4B-00C04F79EFBC}") = "VanartInventoryWPF", "VanartInventoryWPF\VanartInventoryWPF.csproj", "{12194B4D-2187-4FE9-8204-5EA32073160A}"
EndProject
Global
	GlobalSection(SolutionConfigurationPlatforms) = preSolution
		Debug|Any CPU = Debug|Any CPU
		Release|Any CPU = Release|Any CPU
	EndGlobalSection
	GlobalSection(ProjectConfigurationPlatforms) = postSolution
		{12194B4D-2187-4FE9-8204-5EA32073160A}.Debug|Any CPU.ActiveCfg = Debug|Any CPU
		{12194B4D-2187-4FE9-8204-5EA32073160A}.Debug|Any CPU.Build.0 = Debug|Any CPU
		{12194B4D-2187-4FE9-8204-5EA32073160A}.Release|Any CPU.ActiveCfg = Release|Any CPU
		{12194B4D-2187-4FE9-8204-5EA32073160A}.Release|Any CPU.Build.0 = Release|Any CPU
	EndGlobalSection
	GlobalSection(SolutionProperties) = preSolution
		HideSolutionNode = FALSE
	EndGlobalSection
	GlobalSection(ExtensibilityGlobals) = postSolution
		SolutionGuid = {ED23CE03-D5B1-4588-A4E1-AC362D9BC5CE}
	EndGlobalSection
EndGlobal
